{
  "requires": true,
  "lockfileVersion": 1,
  "dependencies": {
    "tsickle": {
      "version": "0.38.1",
      "resolved": "https://registry.npmjs.org/tsickle/-/tsickle-0.38.1.tgz",
      "integrity": "sha512-4xZfvC6+etRu6ivKCNqMOd1FqcY/m6JY3Y+yr5+Xw+i751ciwrWINi6x/3l1ekcODH9GZhlf0ny2LpzWxnjWYA==",
      "dev": true
    }
  }
}
